
Microsoft Visual Studio Solution File, Format Version 12.00
# Visual Studio Version 16
VisualStudioVersion = 16.0.30611.23
MinimumVisualStudioVersion = 10.0.40219.1
Project("{FAE04EC0-301F-11D3-BF4B-00C04F79EFBC}") = "lol", "lol.csproj", "{374D7A34-51E3-4BD6-A034-9615E8FE4E87}"
EndProject
Global
	GlobalSection(SolutionConfigurationPlatforms) = preSolution
		Debug|Any CPU = Debug|Any CPU
		Release|Any CPU = Release|Any CPU
	EndGlobalSection
	GlobalSection(ProjectConfigurationPlatforms) = postSolution
		{374D7A34-51E3-4BD6-A034-9615E8FE4E87}.Debug|Any CPU.ActiveCfg = Debug|Any CPU
		{374D7A34-51E3-4BD6-A034-9615E8FE4E87}.Debug|Any CPU.Build.0 = Debug|Any CPU
		{374D7A34-51E3-4BD6-A034-9615E8FE4E87}.Release|Any CPU.ActiveCfg = Release|Any CPU
		{374D7A34-51E3-4BD6-A034-9615E8FE4E87}.Release|Any CPU.Build.0 = Release|Any CPU
	EndGlobalSection
	GlobalSection(SolutionProperties) = preSolution
		HideSolutionNode = FALSE
	EndGlobalSection
	GlobalSection(ExtensibilityGlobals) = postSolution
		SolutionGuid = {91FA32A2-1B4C-4AC8-8282-4B7BBA0A53B9}
	EndGlobalSection
EndGlobal
