
Microsoft Visual Studio Solution File, Format Version 12.00
# Visual Studio Version 16
VisualStudioVersion = 16.0.30611.23
MinimumVisualStudioVersion = 10.0.40219.1
Project("{FAE04EC0-301F-11D3-BF4B-00C04F79EFBC}") = "Recursion", "Recursion.csproj", "{7A22CF41-7DFE-4952-83BC-FF32928A91FC}"
EndProject
Global
	GlobalSection(SolutionConfigurationPlatforms) = preSolution
		Debug|Any CPU = Debug|Any CPU
		Release|Any CPU = Release|Any CPU
	EndGlobalSection
	GlobalSection(ProjectConfigurationPlatforms) = postSolution
		{7A22CF41-7DFE-4952-83BC-FF32928A91FC}.Debug|Any CPU.ActiveCfg = Debug|Any CPU
		{7A22CF41-7DFE-4952-83BC-FF32928A91FC}.Debug|Any CPU.Build.0 = Debug|Any CPU
		{7A22CF41-7DFE-4952-83BC-FF32928A91FC}.Release|Any CPU.ActiveCfg = Release|Any CPU
		{7A22CF41-7DFE-4952-83BC-FF32928A91FC}.Release|Any CPU.Build.0 = Release|Any CPU
	EndGlobalSection
	GlobalSection(SolutionProperties) = preSolution
		HideSolutionNode = FALSE
	EndGlobalSection
	GlobalSection(ExtensibilityGlobals) = postSolution
		SolutionGuid = {D7774F91-C311-4B84-B2A8-95EAC3353700}
	EndGlobalSection
EndGlobal
